
Microsoft Visual Studio Solution File, Format Version 12.00
# Visual Studio Version 17
VisualStudioVersion = 17.14.36603.0
MinimumVisualStudioVersion = 10.0.40219.1
Project("{FAE04EC0-301F-11D3-BF4B-00C04F79EFBC}") = "Assignment", "src\Assignment\Assignment.csproj", "{A6A76BFB-194A-833E-1034-BCC25AEE1A73}"
EndProject
Project("{FAE04EC0-301F-11D3-BF4B-00C04F79EFBC}") = "Assignment.Tests", "tests\Assignment.Tests\Assignment.Tests.csproj", "{6407EE9E-DB46-4132-B39A-AD289B1FC3C5}"
EndProject
Global
	GlobalSection(SolutionConfigurationPlatforms) = preSolution
		Debug|Any CPU = Debug|Any CPU
		Release|Any CPU = Release|Any CPU
	EndGlobalSection
	GlobalSection(ProjectConfigurationPlatforms) = postSolution
		{A6A76BFB-194A-833E-1034-BCC25AEE1A73}.Debug|Any CPU.ActiveCfg = Debug|Any CPU
		{A6A76BFB-194A-833E-1034-BCC25AEE1A73}.Debug|Any CPU.Build.0 = Debug|Any CPU
		{A6A76BFB-194A-833E-1034-BCC25AEE1A73}.Release|Any CPU.ActiveCfg = Release|Any CPU
		{A6A76BFB-194A-833E-1034-BCC25AEE1A73}.Release|Any CPU.Build.0 = Release|Any CPU
		{6407EE9E-DB46-4132-B39A-AD289B1FC3C5}.Debug|Any CPU.ActiveCfg = Debug|Any CPU
		{6407EE9E-DB46-4132-B39A-AD289B1FC3C5}.Debug|Any CPU.Build.0 = Debug|Any CPU
		{6407EE9E-DB46-4132-B39A-AD289B1FC3C5}.Release|Any CPU.ActiveCfg = Release|Any CPU
		{6407EE9E-DB46-4132-B39A-AD289B1FC3C5}.Release|Any CPU.Build.0 = Release|Any CPU
	EndGlobalSection
	GlobalSection(SolutionProperties) = preSolution
		HideSolutionNode = FALSE
	EndGlobalSection
	GlobalSection(ExtensibilityGlobals) = postSolution
		SolutionGuid = {73E663B4-C08A-41A6-A483-DFC7F410C828}
	EndGlobalSection
EndGlobal
